name: Update lock for Version Packages PR

on:
  pull_request:
    branches:
      - changeset-release/main
    paths:
      - "**"
  push:
    branches:
      - changeset-release/main
    paths:
      - "**"

jobs:
  update-lock-file:
    runs-on: "ubuntu-22.04"
    outputs:
      VERIFIED_LOCK_COMMIT: ${{ steps.sync-lock-file.outputs.VERIFIED_LOCK_COMMIT }}
    steps:
      - name: "Checkout"
        uses: "actions/checkout@v3"
        with:
          # use branch name instead of triggering ref so we can commit to the PR branch:
          ref: ${{ github.head_ref }}
          fetch-depth: 2
      - name: "Setup Node"
        uses: "actions/setup-node@v3"
        with:
          node-version-file: ".nvmrc"

      - name: "Install dependencies with yarn cache"
        uses: ./.github/actions/yarn-nm-install
        with:
          cwd: "."
          install-mode: "update-lock-only"

      - name: "Commit and push changes if modified"
        id: sync-lock-file
        run: |
          if [[ $(git rev-parse --abbrev-ref HEAD) == "main" ]] && ! git diff-index --quiet HEAD; then
            echo "Lock file must not be modified by CI on main branch."
            exit 1;
          fi

          git config --global user.name 'Lightspark Eng'
          git config --global user.email 'engineering@lightspark.com'
          git add -A
          git diff-index --quiet HEAD || git commit -nm "CI update lock file for PR"
          git push
          echo "$(git rev-parse HEAD)"
          echo "VERIFIED_LOCK_COMMIT=$(git rev-parse HEAD)" >> $GITHUB_OUTPUT
